{
  "name": "@jrender-legacy/core",
  "version": "0.1.3",
  "lockfileVersion": 1,
  "requires": true,
  "dependencies": {
    "@vue/composition-api": {
      "version": "1.4.0",
      "resolved": "https://registry.npmmirror.com/@vue/composition-api/download/@vue/composition-api-1.4.0.tgz?cache=0&sync_timestamp=1636878040289&other_urls=https%3A%2F%2Fregistry.npmmirror.com%2F%40vue%2Fcomposition-api%2Fdownload%2F%40vue%2Fcomposition-api-1.4.0.tgz",
      "integrity": "sha512-fanqJw1cqhkfS1dcpFY52CeR0aWDBr7ub/0ObPWqMnNPdRsMi1gX04Q3aLeRtJEuVeCFewNbqvkPskkSPTVaXQ==",
      "requires": {
        "tslib": "^2.3.1"
      }
    },
    "tslib": {
      "version": "2.3.1",
      "resolved": "https://registry.nlark.com/tslib/download/tslib-2.3.1.tgz",
      "integrity": "sha1-6KM1rdXOrlGqJh0ypJAVjvBC7wE="
    }
  }
}
